// !$*UTF8*$!
{
	archiveVersion = 1;
	classes = {
	};
	objectVersion = 46;
	objects = {

/* Begin PBXBuildFile section */
		A917F3BD1CBC630B005A898B /* Podfile in Resources */ = {isa = PBXBuildFile; fileRef = A917F3BC1CBC630B005A898B /* Podfile */; };
		A917F3BF1CBC64B4005A898B /* Podfile.lock in Resources */ = {isa = PBXBuildFile; fileRef = A917F3BE1CBC64B4005A898B /* Podfile.lock */; };
		A925C67E1CAB4A1600FAE766 /* PeripheralCell.swift in Sources */ = {isa = PBXBuildFile; fileRef = A925C67D1CAB4A1600FAE766 /* PeripheralCell.swift */; };
		A925C6811CAB58C700FAE766 /* MessageCell.swift in Sources */ = {isa = PBXBuildFile; fileRef = A925C6801CAB58C700FAE766 /* MessageCell.swift */; };
		A93B1A8A1CA5AD46004F9B4F /* AppDelegate.swift in Sources */ = {isa = PBXBuildFile; fileRef = A93B1A891CA5AD46004F9B4F /* AppDelegate.swift */; };
		A93B1A8D1CA5AD46004F9B4F /* able2.xcdatamodeld in Sources */ = {isa = PBXBuildFile; fileRef = A93B1A8B1CA5AD46004F9B4F /* able2.xcdatamodeld */; };
		A93B1A8F1CA5AD46004F9B4F /* MasterViewController.swift in Sources */ = {isa = PBXBuildFile; fileRef = A93B1A8E1CA5AD46004F9B4F /* MasterViewController.swift */; };
		A93B1A941CA5AD46004F9B4F /* Main.storyboard in Resources */ = {isa = PBXBuildFile; fileRef = A93B1A921CA5AD46004F9B4F /* Main.storyboard */; };
		A93B1A961CA5AD46004F9B4F /* Assets.xcassets in Resources */ = {isa = PBXBuildFile; fileRef = A93B1A951CA5AD46004F9B4F /* Assets.xcassets */; };
		A93B1A991CA5AD46004F9B4F /* LaunchScreen.storyboard in Resources */ = {isa = PBXBuildFile; fileRef = A93B1A971CA5AD46004F9B4F /* LaunchScreen.storyboard */; };
		A93B1AA41CA5AD46004F9B4F /* able2Tests.swift in Sources */ = {isa = PBXBuildFile; fileRef = A93B1AA31CA5AD46004F9B4F /* able2Tests.swift */; };
		A93B1AAF1CA5AD46004F9B4F /* able2UITests.swift in Sources */ = {isa = PBXBuildFile; fileRef = A93B1AAE1CA5AD46004F9B4F /* able2UITests.swift */; };
		A93B1ABD1CA5E588004F9B4F /* BLEView.swift in Sources */ = {isa = PBXBuildFile; fileRef = A93B1ABC1CA5E588004F9B4F /* BLEView.swift */; };
		A9688ECA1CB093970036DA5E /* ServiceCell.swift in Sources */ = {isa = PBXBuildFile; fileRef = A9688EC91CB093970036DA5E /* ServiceCell.swift */; };
		A9688ECC1CB19ED60036DA5E /* Interrogator.swift in Sources */ = {isa = PBXBuildFile; fileRef = A9688ECB1CB19ED60036DA5E /* Interrogator.swift */; };
		A98165961CA99F7A00D0E65E /* listPeripheralsTVC.swift in Sources */ = {isa = PBXBuildFile; fileRef = A98165951CA99F7A00D0E65E /* listPeripheralsTVC.swift */; };
		A98165981CA99FBA00D0E65E /* makePeripheralsTVC.swift in Sources */ = {isa = PBXBuildFile; fileRef = A98165971CA99FBA00D0E65E /* makePeripheralsTVC.swift */; };
		A981659B1CA9A59300D0E65E /* Scanner.swift in Sources */ = {isa = PBXBuildFile; fileRef = A981659A1CA9A59300D0E65E /* Scanner.swift */; };
		A9ABE1931CAC500D004C1EF7 /* Sighting+CoreDataProperties.swift in Sources */ = {isa = PBXBuildFile; fileRef = A9ABE18F1CAC500D004C1EF7 /* Sighting+CoreDataProperties.swift */; };
		A9ABE1941CAC500D004C1EF7 /* Sighting.swift in Sources */ = {isa = PBXBuildFile; fileRef = A9ABE1901CAC500D004C1EF7 /* Sighting.swift */; };
		A9ABE1951CAC500D004C1EF7 /* Peripheral+CoreDataProperties.swift in Sources */ = {isa = PBXBuildFile; fileRef = A9ABE1911CAC500D004C1EF7 /* Peripheral+CoreDataProperties.swift */; };
		A9ABE1961CAC500D004C1EF7 /* Peripheral.swift in Sources */ = {isa = PBXBuildFile; fileRef = A9ABE1921CAC500D004C1EF7 /* Peripheral.swift */; };
		A9C53EBD1CAEDD7B008A6DAE /* listServicesTVC.swift in Sources */ = {isa = PBXBuildFile; fileRef = A9C53EBC1CAEDD7B008A6DAE /* listServicesTVC.swift */; };
		A9D44E781CB58D2A0065F9FA /* CoreDataHelper.swift in Sources */ = {isa = PBXBuildFile; fileRef = A9D44E771CB58D2A0065F9FA /* CoreDataHelper.swift */; };
		A9D44E821CB5D4C50065F9FA /* CBPeripheralMock.swift in Sources */ = {isa = PBXBuildFile; fileRef = A9D44E811CB5D4C50065F9FA /* CBPeripheralMock.swift */; };
		A9D44E841CB6C6170065F9FA /* Scanner.swift in Sources */ = {isa = PBXBuildFile; fileRef = A981659A1CA9A59300D0E65E /* Scanner.swift */; };
		A9D44E851CB6C6550065F9FA /* AppDelegate.swift in Sources */ = {isa = PBXBuildFile; fileRef = A93B1A891CA5AD46004F9B4F /* AppDelegate.swift */; };
		A9D44E861CB6C6730065F9FA /* Sighting+CoreDataProperties.swift in Sources */ = {isa = PBXBuildFile; fileRef = A9ABE18F1CAC500D004C1EF7 /* Sighting+CoreDataProperties.swift */; };
		A9D44E871CB6C6730065F9FA /* Sighting.swift in Sources */ = {isa = PBXBuildFile; fileRef = A9ABE1901CAC500D004C1EF7 /* Sighting.swift */; };
		A9D44E881CB6C6730065F9FA /* Peripheral+CoreDataProperties.swift in Sources */ = {isa = PBXBuildFile; fileRef = A9ABE1911CAC500D004C1EF7 /* Peripheral+CoreDataProperties.swift */; };
		A9D44E891CB6C6730065F9FA /* Peripheral.swift in Sources */ = {isa = PBXBuildFile; fileRef = A9ABE1921CAC500D004C1EF7 /* Peripheral.swift */; };
		A9D44E8A1CB6DB3E0065F9FA /* able2.xcdatamodeld in Sources */ = {isa = PBXBuildFile; fileRef = A93B1A8B1CA5AD46004F9B4F /* able2.xcdatamodeld */; };
		A9D44E8B1CB6ED510065F9FA /* Interrogator.swift in Sources */ = {isa = PBXBuildFile; fileRef = A9688ECB1CB19ED60036DA5E /* Interrogator.swift */; };
		ADC460506394DE2896030E70 /* Pods_able2.framework in Frameworks */ = {isa = PBXBuildFile; fileRef = ABFE34C4FB0E908B6EC8AD86 /* Pods_able2.framework */; };
/* End PBXBuildFile section */

/* Begin PBXContainerItemProxy section */
		A93B1AA01CA5AD46004F9B4F /* PBXContainerItemProxy */ = {
			isa = PBXContainerItemProxy;
			containerPortal = A93B1A7E1CA5AD46004F9B4F /* Project object */;
			proxyType = 1;
			remoteGlobalIDString = A93B1A851CA5AD46004F9B4F;
			remoteInfo = able2;
		};
		A93B1AAB1CA5AD46004F9B4F /* PBXContainerItemProxy */ = {
			isa = PBXContainerItemProxy;
			containerPortal = A93B1A7E1CA5AD46004F9B4F /* Project object */;
			proxyType = 1;
			remoteGlobalIDString = A93B1A851CA5AD46004F9B4F;
			remoteInfo = able2;
		};
/* End PBXContainerItemProxy section */

/* Begin PBXFileReference section */
		721AD80C2D941EF18D77DECE /* Pods-able2.release.xcconfig */ = {isa = PBXFileReference; includeInIndex = 1; lastKnownFileType = text.xcconfig; name = "Pods-able2.release.xcconfig"; path = "Pods/Target Support Files/Pods-able2/Pods-able2.release.xcconfig"; sourceTree = "<group>"; };
		A917F3BC1CBC630B005A898B /* Podfile */ = {isa = PBXFileReference; fileEncoding = 4; lastKnownFileType = text; path = Podfile; sourceTree = "<group>"; xcLanguageSpecificationIdentifier = xcode.lang.ruby; };
		A917F3BE1CBC64B4005A898B /* Podfile.lock */ = {isa = PBXFileReference; fileEncoding = 4; lastKnownFileType = text; path = Podfile.lock; sourceTree = "<group>"; };
		A925C67D1CAB4A1600FAE766 /* PeripheralCell.swift */ = {isa = PBXFileReference; fileEncoding = 4; lastKnownFileType = sourcecode.swift; name = PeripheralCell.swift; path = cells/PeripheralCell.swift; sourceTree = "<group>"; };
		A925C6801CAB58C700FAE766 /* MessageCell.swift */ = {isa = PBXFileReference; fileEncoding = 4; lastKnownFileType = sourcecode.swift; name = MessageCell.swift; path = cells/MessageCell.swift; sourceTree = "<group>"; };
		A928D12D1CADEB0400859168 /* README.md */ = {isa = PBXFileReference; fileEncoding = 4; lastKnownFileType = net.daringfireball.markdown; path = README.md; sourceTree = "<group>"; };
		A93B1A861CA5AD46004F9B4F /* able2.app */ = {isa = PBXFileReference; explicitFileType = wrapper.application; includeInIndex = 0; path = able2.app; sourceTree = BUILT_PRODUCTS_DIR; };
		A93B1A891CA5AD46004F9B4F /* AppDelegate.swift */ = {isa = PBXFileReference; lastKnownFileType = sourcecode.swift; path = AppDelegate.swift; sourceTree = "<group>"; };
		A93B1A8C1CA5AD46004F9B4F /* able2.xcdatamodel */ = {isa = PBXFileReference; lastKnownFileType = wrapper.xcdatamodel; path = able2.xcdatamodel; sourceTree = "<group>"; };
		A93B1A8E1CA5AD46004F9B4F /* MasterViewController.swift */ = {isa = PBXFileReference; lastKnownFileType = sourcecode.swift; path = MasterViewController.swift; sourceTree = "<group>"; };
		A93B1A901CA5AD46004F9B4F /* DetailViewController.swift */ = {isa = PBXFileReference; lastKnownFileType = sourcecode.swift; path = DetailViewController.swift; sourceTree = "<group>"; };
		A93B1A931CA5AD46004F9B4F /* Base */ = {isa = PBXFileReference; lastKnownFileType = file.storyboard; name = Base; path = Base.lproj/Main.storyboard; sourceTree = "<group>"; };
		A93B1A951CA5AD46004F9B4F /* Assets.xcassets */ = {isa = PBXFileReference; lastKnownFileType = folder.assetcatalog; path = Assets.xcassets; sourceTree = "<group>"; };
		A93B1A981CA5AD46004F9B4F /* Base */ = {isa = PBXFileReference; lastKnownFileType = file.storyboard; name = Base; path = Base.lproj/LaunchScreen.storyboard; sourceTree = "<group>"; };
		A93B1A9A1CA5AD46004F9B4F /* Info.plist */ = {isa = PBXFileReference; lastKnownFileType = text.plist.xml; path = Info.plist; sourceTree = "<group>"; };
		A93B1A9F1CA5AD46004F9B4F /* able2Tests.xctest */ = {isa = PBXFileReference; explicitFileType = wrapper.cfbundle; includeInIndex = 0; path = able2Tests.xctest; sourceTree = BUILT_PRODUCTS_DIR; };
		A93B1AA31CA5AD46004F9B4F /* able2Tests.swift */ = {isa = PBXFileReference; lastKnownFileType = sourcecode.swift; path = able2Tests.swift; sourceTree = "<group>"; };
		A93B1AA51CA5AD46004F9B4F /* Info.plist */ = {isa = PBXFileReference; lastKnownFileType = text.plist.xml; path = Info.plist; sourceTree = "<group>"; };
		A93B1AAA1CA5AD46004F9B4F /* able2UITests.xctest */ = {isa = PBXFileReference; explicitFileType = wrapper.cfbundle; includeInIndex = 0; path = able2UITests.xctest; sourceTree = BUILT_PRODUCTS_DIR; };
		A93B1AAE1CA5AD46004F9B4F /* able2UITests.swift */ = {isa = PBXFileReference; lastKnownFileType = sourcecode.swift; path = able2UITests.swift; sourceTree = "<group>"; };
		A93B1AB01CA5AD46004F9B4F /* Info.plist */ = {isa = PBXFileReference; lastKnownFileType = text.plist.xml; path = Info.plist; sourceTree = "<group>"; };
		A93B1ABC1CA5E588004F9B4F /* BLEView.swift */ = {isa = PBXFileReference; fileEncoding = 4; lastKnownFileType = sourcecode.swift; path = BLEView.swift; sourceTree = "<group>"; };
		A9688EC91CB093970036DA5E /* ServiceCell.swift */ = {isa = PBXFileReference; fileEncoding = 4; lastKnownFileType = sourcecode.swift; name = ServiceCell.swift; path = cells/ServiceCell.swift; sourceTree = "<group>"; };
		A9688ECB1CB19ED60036DA5E /* Interrogator.swift */ = {isa = PBXFileReference; fileEncoding = 4; lastKnownFileType = sourcecode.swift; name = Interrogator.swift; path = managers/Interrogator.swift; sourceTree = "<group>"; };
		A98165951CA99F7A00D0E65E /* listPeripheralsTVC.swift */ = {isa = PBXFileReference; fileEncoding = 4; lastKnownFileType = sourcecode.swift; name = listPeripheralsTVC.swift; path = controllers/listPeripheralsTVC.swift; sourceTree = "<group>"; };
		A98165971CA99FBA00D0E65E /* makePeripheralsTVC.swift */ = {isa = PBXFileReference; fileEncoding = 4; lastKnownFileType = sourcecode.swift; name = makePeripheralsTVC.swift; path = controllers/makePeripheralsTVC.swift; sourceTree = "<group>"; };
		A981659A1CA9A59300D0E65E /* Scanner.swift */ = {isa = PBXFileReference; fileEncoding = 4; lastKnownFileType = sourcecode.swift; name = Scanner.swift; path = managers/Scanner.swift; sourceTree = "<group>"; };
		A9ABE18F1CAC500D004C1EF7 /* Sighting+CoreDataProperties.swift */ = {isa = PBXFileReference; fileEncoding = 4; lastKnownFileType = sourcecode.swift; name = "Sighting+CoreDataProperties.swift"; path = "managedClasses/Sighting+CoreDataProperties.swift"; sourceTree = "<group>"; };
		A9ABE1901CAC500D004C1EF7 /* Sighting.swift */ = {isa = PBXFileReference; fileEncoding = 4; lastKnownFileType = sourcecode.swift; name = Sighting.swift; path = managedClasses/Sighting.swift; sourceTree = "<group>"; };
		A9ABE1911CAC500D004C1EF7 /* Peripheral+CoreDataProperties.swift */ = {isa = PBXFileReference; fileEncoding = 4; lastKnownFileType = sourcecode.swift; name = "Peripheral+CoreDataProperties.swift"; path = "managedClasses/Peripheral+CoreDataProperties.swift"; sourceTree = "<group>"; };
		A9ABE1921CAC500D004C1EF7 /* Peripheral.swift */ = {isa = PBXFileReference; fileEncoding = 4; lastKnownFileType = sourcecode.swift; name = Peripheral.swift; path = managedClasses/Peripheral.swift; sourceTree = "<group>"; };
		A9C53EBC1CAEDD7B008A6DAE /* listServicesTVC.swift */ = {isa = PBXFileReference; fileEncoding = 4; lastKnownFileType = sourcecode.swift; name = listServicesTVC.swift; path = controllers/listServicesTVC.swift; sourceTree = "<group>"; };
		A9D44E771CB58D2A0065F9FA /* CoreDataHelper.swift */ = {isa = PBXFileReference; fileEncoding = 4; lastKnownFileType = sourcecode.swift; path = CoreDataHelper.swift; sourceTree = "<group>"; };
		A9D44E811CB5D4C50065F9FA /* CBPeripheralMock.swift */ = {isa = PBXFileReference; fileEncoding = 4; lastKnownFileType = sourcecode.swift; path = CBPeripheralMock.swift; sourceTree = "<group>"; };
		ABFE34C4FB0E908B6EC8AD86 /* Pods_able2.framework */ = {isa = PBXFileReference; explicitFileType = wrapper.framework; includeInIndex = 0; path = Pods_able2.framework; sourceTree = BUILT_PRODUCTS_DIR; };
		FCD868F64615A210DAC10C02 /* Pods-able2.debug.xcconfig */ = {isa = PBXFileReference; includeInIndex = 1; lastKnownFileType = text.xcconfig; name = "Pods-able2.debug.xcconfig"; path = "Pods/Target Support Files/Pods-able2/Pods-able2.debug.xcconfig"; sourceTree = "<group>"; };
/* End PBXFileReference section */

/* Begin PBXFrameworksBuildPhase section */
		A93B1A831CA5AD46004F9B4F /* Frameworks */ = {
			isa = PBXFrameworksBuildPhase;
			buildActionMask = 2147483647;
			files = (
				ADC460506394DE2896030E70 /* Pods_able2.framework in Frameworks */,
			);
			runOnlyForDeploymentPostprocessing = 0;
		};
		A93B1A9C1CA5AD46004F9B4F /* Frameworks */ = {
			isa = PBXFrameworksBuildPhase;
			buildActionMask = 2147483647;
			files = (
			);
			runOnlyForDeploymentPostprocessing = 0;
		};
		A93B1AA71CA5AD46004F9B4F /* Frameworks */ = {
			isa = PBXFrameworksBuildPhase;
			buildActionMask = 2147483647;
			files = (
			);
			runOnlyForDeploymentPostprocessing = 0;
		};
/* End PBXFrameworksBuildPhase section */

/* Begin PBXGroup section */
		539419ACDF1793C36F72EF46 /* Frameworks */ = {
			isa = PBXGroup;
			children = (
				ABFE34C4FB0E908B6EC8AD86 /* Pods_able2.framework */,
			);
			name = Frameworks;
			sourceTree = "<group>";
		};
		A925C67F1CAB4A1C00FAE766 /* cells */ = {
			isa = PBXGroup;
			children = (
				A925C67D1CAB4A1600FAE766 /* PeripheralCell.swift */,
				A925C6801CAB58C700FAE766 /* MessageCell.swift */,
				A9688EC91CB093970036DA5E /* ServiceCell.swift */,
			);
			name = cells;
			sourceTree = "<group>";
		};
		A93B1A7D1CA5AD46004F9B4F = {
			isa = PBXGroup;
			children = (
				A928D12D1CADEB0400859168 /* README.md */,
				A917F3BC1CBC630B005A898B /* Podfile */,
				A917F3BE1CBC64B4005A898B /* Podfile.lock */,
				A93B1A881CA5AD46004F9B4F /* able2 */,
				A93B1AA21CA5AD46004F9B4F /* able2Tests */,
				A93B1AAD1CA5AD46004F9B4F /* able2UITests */,
				A93B1A871CA5AD46004F9B4F /* Products */,
				B5C8212926CA42890C3F2CBE /* Pods */,
				539419ACDF1793C36F72EF46 /* Frameworks */,
			);
			sourceTree = "<group>";
		};
		A93B1A871CA5AD46004F9B4F /* Products */ = {
			isa = PBXGroup;
			children = (
				A93B1A861CA5AD46004F9B4F /* able2.app */,
				A93B1A9F1CA5AD46004F9B4F /* able2Tests.xctest */,
				A93B1AAA1CA5AD46004F9B4F /* able2UITests.xctest */,
			);
			name = Products;
			sourceTree = "<group>";
		};
		A93B1A881CA5AD46004F9B4F /* able2 */ = {
			isa = PBXGroup;
			children = (
				A93B1A891CA5AD46004F9B4F /* AppDelegate.swift */,
				A93B1A8E1CA5AD46004F9B4F /* MasterViewController.swift */,
				A93B1A901CA5AD46004F9B4F /* DetailViewController.swift */,
				A98165991CA9A58300D0E65E /* controllers */,
				A981659C1CA9A59A00D0E65E /* managers */,
				A925C67F1CAB4A1C00FAE766 /* cells */,
				A93B1ABC1CA5E588004F9B4F /* BLEView.swift */,
				A93B1A921CA5AD46004F9B4F /* Main.storyboard */,
				A93B1A951CA5AD46004F9B4F /* Assets.xcassets */,
				A93B1A971CA5AD46004F9B4F /* LaunchScreen.storyboard */,
				A93B1A9A1CA5AD46004F9B4F /* Info.plist */,
				A93B1A8B1CA5AD46004F9B4F /* able2.xcdatamodeld */,
				A98165941CA99E3A00D0E65E /* managedClasses */,
			);
			path = able2;
			sourceTree = "<group>";
		};
		A93B1AA21CA5AD46004F9B4F /* able2Tests */ = {
			isa = PBXGroup;
			children = (
				A93B1AA31CA5AD46004F9B4F /* able2Tests.swift */,
				A9D44E771CB58D2A0065F9FA /* CoreDataHelper.swift */,
				A9D44E811CB5D4C50065F9FA /* CBPeripheralMock.swift */,
				A93B1AA51CA5AD46004F9B4F /* Info.plist */,
			);
			path = able2Tests;
			sourceTree = "<group>";
		};
		A93B1AAD1CA5AD46004F9B4F /* able2UITests */ = {
			isa = PBXGroup;
			children = (
				A93B1AAE1CA5AD46004F9B4F /* able2UITests.swift */,
				A93B1AB01CA5AD46004F9B4F /* Info.plist */,
			);
			path = able2UITests;
			sourceTree = "<group>";
		};
		A98165941CA99E3A00D0E65E /* managedClasses */ = {
			isa = PBXGroup;
			children = (
				A9ABE18F1CAC500D004C1EF7 /* Sighting+CoreDataProperties.swift */,
				A9ABE1901CAC500D004C1EF7 /* Sighting.swift */,
				A9ABE1911CAC500D004C1EF7 /* Peripheral+CoreDataProperties.swift */,
				A9ABE1921CAC500D004C1EF7 /* Peripheral.swift */,
			);
			name = managedClasses;
			sourceTree = "<group>";
		};
		A98165991CA9A58300D0E65E /* controllers */ = {
			isa = PBXGroup;
			children = (
				A98165951CA99F7A00D0E65E /* listPeripheralsTVC.swift */,
				A9C53EBC1CAEDD7B008A6DAE /* listServicesTVC.swift */,
				A98165971CA99FBA00D0E65E /* makePeripheralsTVC.swift */,
			);
			name = controllers;
			sourceTree = "<group>";
		};
		A981659C1CA9A59A00D0E65E /* managers */ = {
			isa = PBXGroup;
			children = (
				A981659A1CA9A59300D0E65E /* Scanner.swift */,
				A9688ECB1CB19ED60036DA5E /* Interrogator.swift */,
			);
			name = managers;
			sourceTree = "<group>";
		};
		B5C8212926CA42890C3F2CBE /* Pods */ = {
			isa = PBXGroup;
			children = (
				FCD868F64615A210DAC10C02 /* Pods-able2.debug.xcconfig */,
				721AD80C2D941EF18D77DECE /* Pods-able2.release.xcconfig */,
			);
			name = Pods;
			sourceTree = "<group>";
		};
/* End PBXGroup section */

/* Begin PBXNativeTarget section */
		A93B1A851CA5AD46004F9B4F /* able2 */ = {
			isa = PBXNativeTarget;
			buildConfigurationList = A93B1AB31CA5AD46004F9B4F /* Build configuration list for PBXNativeTarget "able2" */;
			buildPhases = (
				A24C84659918064C525BE159 /* Check Pods Manifest.lock */,
				A93B1A821CA5AD46004F9B4F /* Sources */,
				A93B1A831CA5AD46004F9B4F /* Frameworks */,
				A93B1A841CA5AD46004F9B4F /* Resources */,
				FD36F6DFD04EFAC7A9ACC61D /* Embed Pods Frameworks */,
				83A9FB43B25624F7631F03E9 /* Copy Pods Resources */,
			);
			buildRules = (
			);
			dependencies = (
			);
			name = able2;
			productName = able2;
			productReference = A93B1A861CA5AD46004F9B4F /* able2.app */;
			productType = "com.apple.product-type.application";
		};
		A93B1A9E1CA5AD46004F9B4F /* able2Tests */ = {
			isa = PBXNativeTarget;
			buildConfigurationList = A93B1AB61CA5AD46004F9B4F /* Build configuration list for PBXNativeTarget "able2Tests" */;
			buildPhases = (
				A93B1A9B1CA5AD46004F9B4F /* Sources */,
				A93B1A9C1CA5AD46004F9B4F /* Frameworks */,
				A93B1A9D1CA5AD46004F9B4F /* Resources */,
			);
			buildRules = (
			);
			dependencies = (
				A93B1AA11CA5AD46004F9B4F /* PBXTargetDependency */,
			);
			name = able2Tests;
			productName = able2Tests;
			productReference = A93B1A9F1CA5AD46004F9B4F /* able2Tests.xctest */;
			productType = "com.apple.product-type.bundle.unit-test";
		};
		A93B1AA91CA5AD46004F9B4F /* able2UITests */ = {
			isa = PBXNativeTarget;
			buildConfigurationList = A93B1AB91CA5AD46004F9B4F /* Build configuration list for PBXNativeTarget "able2UITests" */;
			buildPhases = (
				A93B1AA61CA5AD46004F9B4F /* Sources */,
				A93B1AA71CA5AD46004F9B4F /* Frameworks */,
				A93B1AA81CA5AD46004F9B4F /* Resources */,
			);
			buildRules = (
			);
			dependencies = (
				A93B1AAC1CA5AD46004F9B4F /* PBXTargetDependency */,
			);
			name = able2UITests;
			productName = able2UITests;
			productReference = A93B1AAA1CA5AD46004F9B4F /* able2UITests.xctest */;
			productType = "com.apple.product-type.bundle.ui-testing";
		};
/* End PBXNativeTarget section */

/* Begin PBXProject section */
		A93B1A7E1CA5AD46004F9B4F /* Project object */ = {
			isa = PBXProject;
			attributes = {
				LastSwiftUpdateCheck = 0730;
				LastUpgradeCheck = 0730;
				ORGANIZATIONNAME = "William Snook";
				TargetAttributes = {
					A93B1A851CA5AD46004F9B4F = {
						CreatedOnToolsVersion = 7.3;
						DevelopmentTeam = D84KDEPN2N;
					};
					A93B1A9E1CA5AD46004F9B4F = {
						CreatedOnToolsVersion = 7.3;
					};
					A93B1AA91CA5AD46004F9B4F = {
						CreatedOnToolsVersion = 7.3;
						TestTargetID = A93B1A851CA5AD46004F9B4F;
					};
				};
			};
			buildConfigurationList = A93B1A811CA5AD46004F9B4F /* Build configuration list for PBXProject "able2" */;
			compatibilityVersion = "Xcode 3.2";
			developmentRegion = English;
			hasScannedForEncodings = 0;
			knownRegions = (
				en,
				Base,
			);
			mainGroup = A93B1A7D1CA5AD46004F9B4F;
			productRefGroup = A93B1A871CA5AD46004F9B4F /* Products */;
			projectDirPath = "";
			projectRoot = "";
			targets = (
				A93B1A851CA5AD46004F9B4F /* able2 */,
				A93B1A9E1CA5AD46004F9B4F /* able2Tests */,
				A93B1AA91CA5AD46004F9B4F /* able2UITests */,
			);
		};
/* End PBXProject section */

/* Begin PBXResourcesBuildPhase section */
		A93B1A841CA5AD46004F9B4F /* Resources */ = {
			isa = PBXResourcesBuildPhase;
			buildActionMask = 2147483647;
			files = (
				A93B1A991CA5AD46004F9B4F /* LaunchScreen.storyboard in Resources */,
				A93B1A961CA5AD46004F9B4F /* Assets.xcassets in Resources */,
				A917F3BF1CBC64B4005A898B /* Podfile.lock in Resources */,
				A917F3BD1CBC630B005A898B /* Podfile in Resources */,
				A93B1A941CA5AD46004F9B4F /* Main.storyboard in Resources */,
			);
			runOnlyForDeploymentPostprocessing = 0;
		};
		A93B1A9D1CA5AD46004F9B4F /* Resources */ = {
			isa = PBXResourcesBuildPhase;
			buildActionMask = 2147483647;
			files = (
			);
			runOnlyForDeploymentPostprocessing = 0;
		};
		A93B1AA81CA5AD46004F9B4F /* Resources */ = {
			isa = PBXResourcesBuildPhase;
			buildActionMask = 2147483647;
			files = (
			);
			runOnlyForDeploymentPostprocessing = 0;
		};
/* End PBXResourcesBuildPhase section */

/* Begin PBXShellScriptBuildPhase section */
		83A9FB43B25624F7631F03E9 /* Copy Pods Resources */ = {
			isa = PBXShellScriptBuildPhase;
			buildActionMask = 2147483647;
			files = (
			);
			inputPaths = (
			);
			name = "Copy Pods Resources";
			outputPaths = (
			);
			runOnlyForDeploymentPostprocessing = 0;
			shellPath = /bin/sh;
			shellScript = "\"${SRCROOT}/Pods/Target Support Files/Pods-able2/Pods-able2-resources.sh\"\n";
			showEnvVarsInLog = 0;
		};
		A24C84659918064C525BE159 /* Check Pods Manifest.lock */ = {
			isa = PBXShellScriptBuildPhase;
			buildActionMask = 2147483647;
			files = (
			);
			inputPaths = (
			);
			name = "Check Pods Manifest.lock";
			outputPaths = (
			);
			runOnlyForDeploymentPostprocessing = 0;
			shellPath = /bin/sh;
			shellScript = "diff \"${PODS_ROOT}/../Podfile.lock\" \"${PODS_ROOT}/Manifest.lock\" > /dev/null\nif [[ $? != 0 ]] ; then\n    cat << EOM\nerror: The sandbox is not in sync with the Podfile.lock. Run 'pod install' or update your CocoaPods installation.\nEOM\n    exit 1\nfi\n";
			showEnvVarsInLog = 0;
		};
		FD36F6DFD04EFAC7A9ACC61D /* Embed Pods Frameworks */ = {
			isa = PBXShellScriptBuildPhase;
			buildActionMask = 2147483647;
			files = (
			);
			inputPaths = (
			);
			name = "Embed Pods Frameworks";
			outputPaths = (
			);
			runOnlyForDeploymentPostprocessing = 0;
			shellPath = /bin/sh;
			shellScript = "\"${SRCROOT}/Pods/Target Support Files/Pods-able2/Pods-able2-frameworks.sh\"\n";
			showEnvVarsInLog = 0;
		};
/* End PBXShellScriptBuildPhase section */

/* Begin PBXSourcesBuildPhase section */
		A93B1A821CA5AD46004F9B4F /* Sources */ = {
			isa = PBXSourcesBuildPhase;
			buildActionMask = 2147483647;
			files = (
				A9ABE1961CAC500D004C1EF7 /* Peripheral.swift in Sources */,
				A9ABE1951CAC500D004C1EF7 /* Peripheral+CoreDataProperties.swift in Sources */,
				A93B1A8D1CA5AD46004F9B4F /* able2.xcdatamodeld in Sources */,
				A9ABE1941CAC500D004C1EF7 /* Sighting.swift in Sources */,
				A93B1ABD1CA5E588004F9B4F /* BLEView.swift in Sources */,
				A925C6811CAB58C700FAE766 /* MessageCell.swift in Sources */,
				A98165981CA99FBA00D0E65E /* makePeripheralsTVC.swift in Sources */,
				A9688ECC1CB19ED60036DA5E /* Interrogator.swift in Sources */,
				A9ABE1931CAC500D004C1EF7 /* Sighting+CoreDataProperties.swift in Sources */,
				A925C67E1CAB4A1600FAE766 /* PeripheralCell.swift in Sources */,
				A981659B1CA9A59300D0E65E /* Scanner.swift in Sources */,
				A98165961CA99F7A00D0E65E /* listPeripheralsTVC.swift in Sources */,
				A9C53EBD1CAEDD7B008A6DAE /* listServicesTVC.swift in Sources */,
				A9688ECA1CB093970036DA5E /* ServiceCell.swift in Sources */,
				A93B1A8A1CA5AD46004F9B4F /* AppDelegate.swift in Sources */,
				A93B1A8F1CA5AD46004F9B4F /* MasterViewController.swift in Sources */,
			);
			runOnlyForDeploymentPostprocessing = 0;
		};
		A93B1A9B1CA5AD46004F9B4F /* Sources */ = {
			isa = PBXSourcesBuildPhase;
			buildActionMask = 2147483647;
			files = (
				A9D44E781CB58D2A0065F9FA /* CoreDataHelper.swift in Sources */,
				A9D44E891CB6C6730065F9FA /* Peripheral.swift in Sources */,
				A93B1AA41CA5AD46004F9B4F /* able2Tests.swift in Sources */,
				A9D44E871CB6C6730065F9FA /* Sighting.swift in Sources */,
				A9D44E861CB6C6730065F9FA /* Sighting+CoreDataProperties.swift in Sources */,
				A9D44E841CB6C6170065F9FA /* Scanner.swift in Sources */,
				A9D44E881CB6C6730065F9FA /* Peripheral+CoreDataProperties.swift in Sources */,
				A9D44E8B1CB6ED510065F9FA /* Interrogator.swift in Sources */,
				A9D44E851CB6C6550065F9FA /* AppDelegate.swift in Sources */,
				A9D44E8A1CB6DB3E0065F9FA /* able2.xcdatamodeld in Sources */,
				A9D44E821CB5D4C50065F9FA /* CBPeripheralMock.swift in Sources */,
			);
			runOnlyForDeploymentPostprocessing = 0;
		};
		A93B1AA61CA5AD46004F9B4F /* Sources */ = {
			isa = PBXSourcesBuildPhase;
			buildActionMask = 2147483647;
			files = (
				A93B1AAF1CA5AD46004F9B4F /* able2UITests.swift in Sources */,
			);
			runOnlyForDeploymentPostprocessing = 0;
		};
/* End PBXSourcesBuildPhase section */

/* Begin PBXTargetDependency section */
		A93B1AA11CA5AD46004F9B4F /* PBXTargetDependency */ = {
			isa = PBXTargetDependency;
			target = A93B1A851CA5AD46004F9B4F /* able2 */;
			targetProxy = A93B1AA01CA5AD46004F9B4F /* PBXContainerItemProxy */;
		};
		A93B1AAC1CA5AD46004F9B4F /* PBXTargetDependency */ = {
			isa = PBXTargetDependency;
			target = A93B1A851CA5AD46004F9B4F /* able2 */;
			targetProxy = A93B1AAB1CA5AD46004F9B4F /* PBXContainerItemProxy */;
		};
/* End PBXTargetDependency section */

/* Begin PBXVariantGroup section */
		A93B1A921CA5AD46004F9B4F /* Main.storyboard */ = {
			isa = PBXVariantGroup;
			children = (
				A93B1A931CA5AD46004F9B4F /* Base */,
			);
			name = Main.storyboard;
			sourceTree = "<group>";
		};
		A93B1A971CA5AD46004F9B4F /* LaunchScreen.storyboard */ = {
			isa = PBXVariantGroup;
			children = (
				A93B1A981CA5AD46004F9B4F /* Base */,
			);
			name = LaunchScreen.storyboard;
			sourceTree = "<group>";
		};
/* End PBXVariantGroup section */

/* Begin XCBuildConfiguration section */
		A93B1AB11CA5AD46004F9B4F /* Debug */ = {
			isa = XCBuildConfiguration;
			buildSettings = {
				ALWAYS_SEARCH_USER_PATHS = NO;
				CLANG_ANALYZER_NONNULL = YES;
				CLANG_CXX_LANGUAGE_STANDARD = "gnu++0x";
				CLANG_CXX_LIBRARY = "libc++";
				CLANG_ENABLE_MODULES = YES;
				CLANG_ENABLE_OBJC_ARC = YES;
				CLANG_WARN_BOOL_CONVERSION = YES;
				CLANG_WARN_CONSTANT_CONVERSION = YES;
				CLANG_WARN_DIRECT_OBJC_ISA_USAGE = YES_ERROR;
				CLANG_WARN_EMPTY_BODY = YES;
				CLANG_WARN_ENUM_CONVERSION = YES;
				CLANG_WARN_INT_CONVERSION = YES;
				CLANG_WARN_OBJC_ROOT_CLASS = YES_ERROR;
				CLANG_WARN_UNREACHABLE_CODE = YES;
				CLANG_WARN__DUPLICATE_METHOD_MATCH = YES;
				"CODE_SIGN_IDENTITY[sdk=iphoneos*]" = "iPhone Developer";
				COPY_PHASE_STRIP = NO;
				DEBUG_INFORMATION_FORMAT = dwarf;
				ENABLE_STRICT_OBJC_MSGSEND = YES;
				ENABLE_TESTABILITY = YES;
				GCC_C_LANGUAGE_STANDARD = gnu99;
				GCC_DYNAMIC_NO_PIC = NO;
				GCC_NO_COMMON_BLOCKS = YES;
				GCC_OPTIMIZATION_LEVEL = 0;
				GCC_PREPROCESSOR_DEFINITIONS = (
					"DEBUG=1",
					"$(inherited)",
				);
				GCC_WARN_64_TO_32_BIT_CONVERSION = YES;
				GCC_WARN_ABOUT_RETURN_TYPE = YES_ERROR;
				GCC_WARN_UNDECLARED_SELECTOR = YES;
				GCC_WARN_UNINITIALIZED_AUTOS = YES_AGGRESSIVE;
				GCC_WARN_UNUSED_FUNCTION = YES;
				GCC_WARN_UNUSED_VARIABLE = YES;
				IPHONEOS_DEPLOYMENT_TARGET = 9.3;
				MTL_ENABLE_DEBUG_INFO = YES;
				ONLY_ACTIVE_ARCH = YES;
				SDKROOT = iphoneos;
				SWIFT_OPTIMIZATION_LEVEL = "-Onone";
				TARGETED_DEVICE_FAMILY = "1,2";
			};
			name = Debug;
		};
		A93B1AB21CA5AD46004F9B4F /* Release */ = {
			isa = XCBuildConfiguration;
			buildSettings = {
				ALWAYS_SEARCH_USER_PATHS = NO;
				CLANG_ANALYZER_NONNULL = YES;
				CLANG_CXX_LANGUAGE_STANDARD = "gnu++0x";
				CLANG_CXX_LIBRARY = "libc++";
				CLANG_ENABLE_MODULES = YES;
				CLANG_ENABLE_OBJC_ARC = YES;
				CLANG_WARN_BOOL_CONVERSION = YES;
				CLANG_WARN_CONSTANT_CONVERSION = YES;
				CLANG_WARN_DIRECT_OBJC_ISA_USAGE = YES_ERROR;
				CLANG_WARN_EMPTY_BODY = YES;
				CLANG_WARN_ENUM_CONVERSION = YES;
				CLANG_WARN_INT_CONVERSION = YES;
				CLANG_WARN_OBJC_ROOT_CLASS = YES_ERROR;
				CLANG_WARN_UNREACHABLE_CODE = YES;
				CLANG_WARN__DUPLICATE_METHOD_MATCH = YES;
				"CODE_SIGN_IDENTITY[sdk=iphoneos*]" = "iPhone Developer";
				COPY_PHASE_STRIP = NO;
				DEBUG_INFORMATION_FORMAT = "dwarf-with-dsym";
				ENABLE_NS_ASSERTIONS = NO;
				ENABLE_STRICT_OBJC_MSGSEND = YES;
				GCC_C_LANGUAGE_STANDARD = gnu99;
				GCC_NO_COMMON_BLOCKS = YES;
				GCC_WARN_64_TO_32_BIT_CONVERSION = YES;
				GCC_WARN_ABOUT_RETURN_TYPE = YES_ERROR;
				GCC_WARN_UNDECLARED_SELECTOR = YES;
				GCC_WARN_UNINITIALIZED_AUTOS = YES_AGGRESSIVE;
				GCC_WARN_UNUSED_FUNCTION = YES;
				GCC_WARN_UNUSED_VARIABLE = YES;
				IPHONEOS_DEPLOYMENT_TARGET = 9.3;
				MTL_ENABLE_DEBUG_INFO = NO;
				SDKROOT = iphoneos;
				TARGETED_DEVICE_FAMILY = "1,2";
				VALIDATE_PRODUCT = YES;
			};
			name = Release;
		};
		A93B1AB41CA5AD46004F9B4F /* Debug */ = {
			isa = XCBuildConfiguration;
			baseConfigurationReference = FCD868F64615A210DAC10C02 /* Pods-able2.debug.xcconfig */;
			buildSettings = {
				ASSETCATALOG_COMPILER_APPICON_NAME = AppIcon;
				CODE_SIGN_IDENTITY = "iPhone Developer";
				INFOPLIST_FILE = able2/Info.plist;
				IPHONEOS_DEPLOYMENT_TARGET = 8.0;
				LD_RUNPATH_SEARCH_PATHS = "$(inherited) @executable_path/Frameworks";
				PRODUCT_BUNDLE_IDENTIFIER = com.billsnook.testx.able2;
				PRODUCT_NAME = "$(TARGET_NAME)";
			};
			name = Debug;
		};
		A93B1AB51CA5AD46004F9B4F /* Release */ = {
			isa = XCBuildConfiguration;
			baseConfigurationReference = 721AD80C2D941EF18D77DECE /* Pods-able2.release.xcconfig */;
			buildSettings = {
				ASSETCATALOG_COMPILER_APPICON_NAME = AppIcon;
				CODE_SIGN_IDENTITY = "iPhone Developer";
				INFOPLIST_FILE = able2/Info.plist;
				IPHONEOS_DEPLOYMENT_TARGET = 8.0;
				LD_RUNPATH_SEARCH_PATHS = "$(inherited) @executable_path/Frameworks";
				PRODUCT_BUNDLE_IDENTIFIER = com.billsnook.testx.able2;
				PRODUCT_NAME = "$(TARGET_NAME)";
			};
			name = Release;
		};
		A93B1AB71CA5AD46004F9B4F /* Debug */ = {
			isa = XCBuildConfiguration;
			buildSettings = {
				INFOPLIST_FILE = able2Tests/Info.plist;
				IPHONEOS_DEPLOYMENT_TARGET = 9.0;
				LD_RUNPATH_SEARCH_PATHS = "$(inherited) @executable_path/Frameworks @loader_path/Frameworks";
				PRODUCT_BUNDLE_IDENTIFIER = com.billsnook.testx.able2Tests;
				PRODUCT_NAME = "$(TARGET_NAME)";
			};
			name = Debug;
		};
		A93B1AB81CA5AD46004F9B4F /* Release */ = {
			isa = XCBuildConfiguration;
			buildSettings = {
				INFOPLIST_FILE = able2Tests/Info.plist;
				IPHONEOS_DEPLOYMENT_TARGET = 9.0;
				LD_RUNPATH_SEARCH_PATHS = "$(inherited) @executable_path/Frameworks @loader_path/Frameworks";
				PRODUCT_BUNDLE_IDENTIFIER = com.billsnook.testx.able2Tests;
				PRODUCT_NAME = "$(TARGET_NAME)";
			};
			name = Release;
		};
		A93B1ABA1CA5AD46004F9B4F /* Debug */ = {
			isa = XCBuildConfiguration;
			buildSettings = {
				INFOPLIST_FILE = able2UITests/Info.plist;
				IPHONEOS_DEPLOYMENT_TARGET = 9.0;
				LD_RUNPATH_SEARCH_PATHS = "$(inherited) @executable_path/Frameworks @loader_path/Frameworks";
				PRODUCT_BUNDLE_IDENTIFIER = com.billsnook.testx.able2UITests;
				PRODUCT_NAME = "$(TARGET_NAME)";
				PROVISIONING_PROFILE = "";
				TEST_TARGET_NAME = able2;
			};
			name = Debug;
		};
		A93B1ABB1CA5AD46004F9B4F /* Release */ = {
			isa = XCBuildConfiguration;
			buildSettings = {
				INFOPLIST_FILE = able2UITests/Info.plist;
				IPHONEOS_DEPLOYMENT_TARGET = 9.0;
				LD_RUNPATH_SEARCH_PATHS = "$(inherited) @executable_path/Frameworks @loader_path/Frameworks";
				PRODUCT_BUNDLE_IDENTIFIER = com.billsnook.testx.able2UITests;
				PRODUCT_NAME = "$(TARGET_NAME)";
				PROVISIONING_PROFILE = "";
				TEST_TARGET_NAME = able2;
			};
			name = Release;
		};
/* End XCBuildConfiguration section */

/* Begin XCConfigurationList section */
		A93B1A811CA5AD46004F9B4F /* Build configuration list for PBXProject "able2" */ = {
			isa = XCConfigurationList;
			buildConfigurations = (
				A93B1AB11CA5AD46004F9B4F /* Debug */,
				A93B1AB21CA5AD46004F9B4F /* Release */,
			);
			defaultConfigurationIsVisible = 0;
			defaultConfigurationName = Release;
		};
		A93B1AB31CA5AD46004F9B4F /* Build configuration list for PBXNativeTarget "able2" */ = {
			isa = XCConfigurationList;
			buildConfigurations = (
				A93B1AB41CA5AD46004F9B4F /* Debug */,
				A93B1AB51CA5AD46004F9B4F /* Release */,
			);
			defaultConfigurationIsVisible = 0;
			defaultConfigurationName = Release;
		};
		A93B1AB61CA5AD46004F9B4F /* Build configuration list for PBXNativeTarget "able2Tests" */ = {
			isa = XCConfigurationList;
			buildConfigurations = (
				A93B1AB71CA5AD46004F9B4F /* Debug */,
				A93B1AB81CA5AD46004F9B4F /* Release */,
			);
			defaultConfigurationIsVisible = 0;
			defaultConfigurationName = Release;
		};
		A93B1AB91CA5AD46004F9B4F /* Build configuration list for PBXNativeTarget "able2UITests" */ = {
			isa = XCConfigurationList;
			buildConfigurations = (
				A93B1ABA1CA5AD46004F9B4F /* Debug */,
				A93B1ABB1CA5AD46004F9B4F /* Release */,
			);
			defaultConfigurationIsVisible = 0;
			defaultConfigurationName = Release;
		};
/* End XCConfigurationList section */

/* Begin XCVersionGroup section */
		A93B1A8B1CA5AD46004F9B4F /* able2.xcdatamodeld */ = {
			isa = XCVersionGroup;
			children = (
				A93B1A8C1CA5AD46004F9B4F /* able2.xcdatamodel */,
			);
			currentVersion = A93B1A8C1CA5AD46004F9B4F /* able2.xcdatamodel */;
			path = able2.xcdatamodeld;
			sourceTree = "<group>";
			versionGroupType = wrapper.xcdatamodel;
		};
/* End XCVersionGroup section */
	};
	rootObject = A93B1A7E1CA5AD46004F9B4F /* Project object */;
}
